
Microsoft Visual Studio Solution File, Format Version 12.00
# Visual Studio Version 16
VisualStudioVersion = 16.0.30011.22
MinimumVisualStudioVersion = 10.0.40219.1
Project("{FAE04EC0-301F-11D3-BF4B-00C04F79EFBC}") = "Interfaz", "Interfaz\Interfaz.csproj", "{12C2865D-DE2B-4749-9A4B-0172F1DB179C}"
EndProject
Project("{9A19103F-16F7-4668-BE54-9A1E7A4F7556}") = "LogicaNegocios", "LogicaNegocios\LogicaNegocios.csproj", "{04011FC4-F162-4DE0-9FCE-D5B9A0421806}"
EndProject
Project("{FAE04EC0-301F-11D3-BF4B-00C04F79EFBC}") = "Datos", "Datos\Datos.csproj", "{B3ECD8DB-2BFE-4C47-BF69-D42F1F82C7EF}"
EndProject
Project("{FAE04EC0-301F-11D3-BF4B-00C04F79EFBC}") = "Metodos", "Metodos\Metodos.csproj", "{EDC9489E-186C-4DEA-836B-3CC12EC38921}"
EndProject
Project("{FAE04EC0-301F-11D3-BF4B-00C04F79EFBC}") = "Probando", "Probando\Probando.csproj", "{C15CB631-073B-43F9-9F05-8BBCD15AC3F1}"
EndProject
Global
	GlobalSection(SolutionConfigurationPlatforms) = preSolution
		Debug|Any CPU = Debug|Any CPU
		Release|Any CPU = Release|Any CPU
	EndGlobalSection
	GlobalSection(ProjectConfigurationPlatforms) = postSolution
		{12C2865D-DE2B-4749-9A4B-0172F1DB179C}.Debug|Any CPU.ActiveCfg = Debug|Any CPU
		{12C2865D-DE2B-4749-9A4B-0172F1DB179C}.Debug|Any CPU.Build.0 = Debug|Any CPU
		{12C2865D-DE2B-4749-9A4B-0172F1DB179C}.Release|Any CPU.ActiveCfg = Release|Any CPU
		{12C2865D-DE2B-4749-9A4B-0172F1DB179C}.Release|Any CPU.Build.0 = Release|Any CPU
		{04011FC4-F162-4DE0-9FCE-D5B9A0421806}.Debug|Any CPU.ActiveCfg = Debug|Any CPU
		{04011FC4-F162-4DE0-9FCE-D5B9A0421806}.Debug|Any CPU.Build.0 = Debug|Any CPU
		{04011FC4-F162-4DE0-9FCE-D5B9A0421806}.Release|Any CPU.ActiveCfg = Release|Any CPU
		{04011FC4-F162-4DE0-9FCE-D5B9A0421806}.Release|Any CPU.Build.0 = Release|Any CPU
		{B3ECD8DB-2BFE-4C47-BF69-D42F1F82C7EF}.Debug|Any CPU.ActiveCfg = Debug|Any CPU
		{B3ECD8DB-2BFE-4C47-BF69-D42F1F82C7EF}.Debug|Any CPU.Build.0 = Debug|Any CPU
		{B3ECD8DB-2BFE-4C47-BF69-D42F1F82C7EF}.Release|Any CPU.ActiveCfg = Release|Any CPU
		{B3ECD8DB-2BFE-4C47-BF69-D42F1F82C7EF}.Release|Any CPU.Build.0 = Release|Any CPU
		{EDC9489E-186C-4DEA-836B-3CC12EC38921}.Debug|Any CPU.ActiveCfg = Debug|Any CPU
		{EDC9489E-186C-4DEA-836B-3CC12EC38921}.Debug|Any CPU.Build.0 = Debug|Any CPU
		{EDC9489E-186C-4DEA-836B-3CC12EC38921}.Release|Any CPU.ActiveCfg = Release|Any CPU
		{EDC9489E-186C-4DEA-836B-3CC12EC38921}.Release|Any CPU.Build.0 = Release|Any CPU
		{C15CB631-073B-43F9-9F05-8BBCD15AC3F1}.Debug|Any CPU.ActiveCfg = Debug|Any CPU
		{C15CB631-073B-43F9-9F05-8BBCD15AC3F1}.Debug|Any CPU.Build.0 = Debug|Any CPU
		{C15CB631-073B-43F9-9F05-8BBCD15AC3F1}.Release|Any CPU.ActiveCfg = Release|Any CPU
		{C15CB631-073B-43F9-9F05-8BBCD15AC3F1}.Release|Any CPU.Build.0 = Release|Any CPU
	EndGlobalSection
	GlobalSection(SolutionProperties) = preSolution
		HideSolutionNode = FALSE
	EndGlobalSection
	GlobalSection(ExtensibilityGlobals) = postSolution
		SolutionGuid = {0AD6FD67-3D17-4E23-80FD-8507FA526188}
	EndGlobalSection
EndGlobal
