
Microsoft Visual Studio Solution File, Format Version 12.00
# Visual Studio Version 16
VisualStudioVersion = 16.0.30011.22
MinimumVisualStudioVersion = 10.0.40219.1
Project("{FAE04EC0-301F-11D3-BF4B-00C04F79EFBC}") = "Interfaz", "Interfaz\Interfaz.csproj", "{608298E7-5431-4688-B64C-757AD148928E}"
EndProject
Global
	GlobalSection(SolutionConfigurationPlatforms) = preSolution
		Debug|Any CPU = Debug|Any CPU
		Release|Any CPU = Release|Any CPU
	EndGlobalSection
	GlobalSection(ProjectConfigurationPlatforms) = postSolution
		{608298E7-5431-4688-B64C-757AD148928E}.Debug|Any CPU.ActiveCfg = Debug|Any CPU
		{608298E7-5431-4688-B64C-757AD148928E}.Debug|Any CPU.Build.0 = Debug|Any CPU
		{608298E7-5431-4688-B64C-757AD148928E}.Release|Any CPU.ActiveCfg = Release|Any CPU
		{608298E7-5431-4688-B64C-757AD148928E}.Release|Any CPU.Build.0 = Release|Any CPU
	EndGlobalSection
	GlobalSection(SolutionProperties) = preSolution
		HideSolutionNode = FALSE
	EndGlobalSection
	GlobalSection(ExtensibilityGlobals) = postSolution
		SolutionGuid = {1EC119E5-49CC-4D6D-961B-F68D611CF7B7}
	EndGlobalSection
EndGlobal
