
Microsoft Visual Studio Solution File, Format Version 12.00
# Visual Studio Version 16
VisualStudioVersion = 16.0.30011.22
MinimumVisualStudioVersion = 10.0.40219.1
Project("{FAE04EC0-301F-11D3-BF4B-00C04F79EFBC}") = "Interfaz", "Interfaz\Interfaz.csproj", "{6B9930A7-FB70-4E39-B31B-D34C4905A2B0}"
EndProject
Project("{FAE04EC0-301F-11D3-BF4B-00C04F79EFBC}") = "Prueba", "Prueba\Prueba.csproj", "{19F36821-016B-4A2A-AE49-9F7B891B01F7}"
EndProject
Project("{FAE04EC0-301F-11D3-BF4B-00C04F79EFBC}") = "Prueba2", "Prueba2\Prueba2.csproj", "{059F58EC-88DF-4340-BF00-51EBFF6D1D97}"
EndProject
Project("{FAE04EC0-301F-11D3-BF4B-00C04F79EFBC}") = "Pruebaaaaaa4", "Pruebaaaaaa4\Pruebaaaaaa4.csproj", "{C2504F39-9594-4151-9DA3-6D67F0BAAC0E}"
EndProject
Project("{FAE04EC0-301F-11D3-BF4B-00C04F79EFBC}") = "PruebitaChiquita", "PruebitaChiquita\PruebitaChiquita.csproj", "{B7BF6DFF-D643-4291-83FA-D7E8FA19AE61}"
EndProject
Global
	GlobalSection(SolutionConfigurationPlatforms) = preSolution
		Debug|Any CPU = Debug|Any CPU
		Release|Any CPU = Release|Any CPU
	EndGlobalSection
	GlobalSection(ProjectConfigurationPlatforms) = postSolution
		{6B9930A7-FB70-4E39-B31B-D34C4905A2B0}.Debug|Any CPU.ActiveCfg = Debug|Any CPU
		{6B9930A7-FB70-4E39-B31B-D34C4905A2B0}.Debug|Any CPU.Build.0 = Debug|Any CPU
		{6B9930A7-FB70-4E39-B31B-D34C4905A2B0}.Release|Any CPU.ActiveCfg = Release|Any CPU
		{6B9930A7-FB70-4E39-B31B-D34C4905A2B0}.Release|Any CPU.Build.0 = Release|Any CPU
		{19F36821-016B-4A2A-AE49-9F7B891B01F7}.Debug|Any CPU.ActiveCfg = Debug|Any CPU
		{19F36821-016B-4A2A-AE49-9F7B891B01F7}.Debug|Any CPU.Build.0 = Debug|Any CPU
		{19F36821-016B-4A2A-AE49-9F7B891B01F7}.Release|Any CPU.ActiveCfg = Release|Any CPU
		{19F36821-016B-4A2A-AE49-9F7B891B01F7}.Release|Any CPU.Build.0 = Release|Any CPU
		{059F58EC-88DF-4340-BF00-51EBFF6D1D97}.Debug|Any CPU.ActiveCfg = Debug|Any CPU
		{059F58EC-88DF-4340-BF00-51EBFF6D1D97}.Debug|Any CPU.Build.0 = Debug|Any CPU
		{059F58EC-88DF-4340-BF00-51EBFF6D1D97}.Release|Any CPU.ActiveCfg = Release|Any CPU
		{059F58EC-88DF-4340-BF00-51EBFF6D1D97}.Release|Any CPU.Build.0 = Release|Any CPU
		{C2504F39-9594-4151-9DA3-6D67F0BAAC0E}.Debug|Any CPU.ActiveCfg = Debug|Any CPU
		{C2504F39-9594-4151-9DA3-6D67F0BAAC0E}.Debug|Any CPU.Build.0 = Debug|Any CPU
		{C2504F39-9594-4151-9DA3-6D67F0BAAC0E}.Release|Any CPU.ActiveCfg = Release|Any CPU
		{C2504F39-9594-4151-9DA3-6D67F0BAAC0E}.Release|Any CPU.Build.0 = Release|Any CPU
		{B7BF6DFF-D643-4291-83FA-D7E8FA19AE61}.Debug|Any CPU.ActiveCfg = Debug|Any CPU
		{B7BF6DFF-D643-4291-83FA-D7E8FA19AE61}.Debug|Any CPU.Build.0 = Debug|Any CPU
		{B7BF6DFF-D643-4291-83FA-D7E8FA19AE61}.Release|Any CPU.ActiveCfg = Release|Any CPU
		{B7BF6DFF-D643-4291-83FA-D7E8FA19AE61}.Release|Any CPU.Build.0 = Release|Any CPU
	EndGlobalSection
	GlobalSection(SolutionProperties) = preSolution
		HideSolutionNode = FALSE
	EndGlobalSection
	GlobalSection(ExtensibilityGlobals) = postSolution
		SolutionGuid = {7EECD992-480E-45C5-B2F5-135335030CE6}
	EndGlobalSection
EndGlobal
